
Microsoft Visual Studio Solution File, Format Version 12.00
# Visual Studio Version 17
VisualStudioVersion = 17.2.32602.215
MinimumVisualStudioVersion = 10.0.40219.1
Project("{FAE04EC0-301F-11D3-BF4B-00C04F79EFBC}") = "blazor_kalkulator", "blazor_kalkulator.csproj", "{9AF52BAD-C509-47AC-9DC6-68487F4FB8CB}"
EndProject
Global
	GlobalSection(SolutionConfigurationPlatforms) = preSolution
		Debug|Any CPU = Debug|Any CPU
		Release|Any CPU = Release|Any CPU
	EndGlobalSection
	GlobalSection(ProjectConfigurationPlatforms) = postSolution
		{9AF52BAD-C509-47AC-9DC6-68487F4FB8CB}.Debug|Any CPU.ActiveCfg = Debug|Any CPU
		{9AF52BAD-C509-47AC-9DC6-68487F4FB8CB}.Debug|Any CPU.Build.0 = Debug|Any CPU
		{9AF52BAD-C509-47AC-9DC6-68487F4FB8CB}.Release|Any CPU.ActiveCfg = Release|Any CPU
		{9AF52BAD-C509-47AC-9DC6-68487F4FB8CB}.Release|Any CPU.Build.0 = Release|Any CPU
	EndGlobalSection
	GlobalSection(SolutionProperties) = preSolution
		HideSolutionNode = FALSE
	EndGlobalSection
	GlobalSection(ExtensibilityGlobals) = postSolution
		SolutionGuid = {796DC415-2754-461C-88D5-7E99C3C46CAE}
	EndGlobalSection
EndGlobal
